{
  "name": "run-async",
  "version": "4.0.0",
  "lockfileVersion": 2,
  "requires": true,
  "packages": {
    "": {
      "name": "run-async",
      "version": "4.0.0",
      "license": "MIT",
      "dependencies": {
        "oxlint": "^1.2.0"
      },
      "engines": {
        "node": ">=0.12.0"
      }
    },
    "node_modules/@oxlint/darwin-arm64": {
      "version": "1.2.0",
      "resolved": "https://registry.npmjs.org/@oxlint/darwin-arm64/-/darwin-arm64-1.2.0.tgz",
      "integrity": "sha512-DsdZPp59sPPmuI6pR6MP1QepWWkpibFhVmRXa7ZOUobxxubUBg12SVCchAI1Iq8jejcAg9/XHXsRFpuny2LawQ==",
      "cpu": [
        "arm64"
      ],
      "optional": true,
      "os": [
        "darwin"
      ]
    },
    "node_modules/@oxlint/darwin-x64": {
      "version": "1.2.0",
      "resolved": "https://registry.npmjs.org/@oxlint/darwin-x64/-/darwin-x64-1.2.0.tgz",
      "integrity": "sha512-SN4lUlpGyFfGph+quUuGhEAyBMB87CgnFEK2bk3Lo96ehHcIhmzUH41nbsgi99k45+qEtD0ThIKAsbksOVn0uA==",
      "cpu": [
        "x64"
      ],
      "optional": true,
      "os": [
        "darwin"
      ]
    },
    "node_modules/@oxlint/linux-arm64-gnu": {
      "version": "1.2.0",
      "resolved": "https://registry.npmjs.org/@oxlint/linux-arm64-gnu/-/linux-arm64-gnu-1.2.0.tgz",
      "integrity": "sha512-O03yN/Sas6/vyewiq8w9YN67yY8IofTpS28H2/f1a0Cb83Z7RbEzkWvsswq0erTHA0ctwJkzHfkRSRaBOmceBQ==",
      "cpu": [
        "arm64"
      ],
      "optional": true,
      "os": [
        "linux"
      ]
    },
    "node_modules/@oxlint/linux-arm64-musl": {
      "version": "1.2.0",
      "resolved": "https://registry.npmjs.org/@oxlint/linux-arm64-musl/-/linux-arm64-musl-1.2.0.tgz",
      "integrity": "sha512-DO61+/vJkYRUEaVoajU2tLpVHBu3Fe8vhJ2mgxVNfOgQ7uIvHCB7wrnkHSPgABK9yROGenLWG9K6uHq3qiXj2g==",
      "cpu": [
        "arm64"
      ],
      "optional": true,
      "os": [
        "linux"
      ]
    },
    "node_modules/@oxlint/linux-x64-gnu": {
      "version": "1.2.0",
      "resolved": "https://registry.npmjs.org/@oxlint/linux-x64-gnu/-/linux-x64-gnu-1.2.0.tgz",
      "integrity": "sha512-i2piovvEAKYsb23/NfiGug9Gqnf+5IoNgw7pDF/N7bPIFMJlzWACQHYi5dfIzFhG23FIdAnh+BHBDK9LKK5Jkw==",
      "cpu": [
        "x64"
      ],
      "optional": true,
      "os": [
        "linux"
      ]
    },
    "node_modules/@oxlint/linux-x64-musl": {
      "version": "1.2.0",
      "resolved": "https://registry.npmjs.org/@oxlint/linux-x64-musl/-/linux-x64-musl-1.2.0.tgz",
      "integrity": "sha512-r3AjtZ7BOArWoIjyjnT6Wj3jiv2anZbeL5jsj+sUMvd8m/t7sFb18ySRqS63d4yC6Ct3OZZVLFD4MADW658ghg==",
      "cpu": [
        "x64"
      ],
      "optional": true,
      "os": [
        "linux"
      ]
    },
    "node_modules/@oxlint/win32-arm64": {
      "version": "1.2.0",
      "resolved": "https://registry.npmjs.org/@oxlint/win32-arm64/-/win32-arm64-1.2.0.tgz",
      "integrity": "sha512-a0ZJE/QlJ1JdAc5FGytjwjBzq9oIbR7y9CwbVtrvwqOBaHzB7qssI93dGPZCRE4talL3dk18L6fthd6ijvLVxg==",
      "cpu": [
        "arm64"
      ],
      "optional": true,
      "os": [
        "win32"
      ]
    },
    "node_modules/@oxlint/win32-x64": {
      "version": "1.2.0",
      "resolved": "https://registry.npmjs.org/@oxlint/win32-x64/-/win32-x64-1.2.0.tgz",
      "integrity": "sha512-OrWwyUCYGAnz5xDvVjCRFLp+XkQT56alXyx5kJDhDXKZzjajXwvFRFTvT3Hstu9I6bnCsqFjBcCbjQzmUBHOYw==",
      "cpu": [
        "x64"
      ],
      "optional": true,
      "os": [
        "win32"
      ]
    },
    "node_modules/oxlint": {
      "version": "1.2.0",
      "resolved": "https://registry.npmjs.org/oxlint/-/oxlint-1.2.0.tgz",
      "integrity": "sha512-zUtw37XW3fERrSJVVZfmHo35crJ7OS+Non9jk+kLtuhzEJYsbd1ORwGsnTVWy8oXEdNO/tXAUm+zVRoilEGelw==",
      "bin": {
        "oxc_language_server": "bin/oxc_language_server",
        "oxlint": "bin/oxlint"
      },
      "engines": {
        "node": ">=8.*"
      },
      "funding": {
        "url": "https://github.com/sponsors/Boshen"
      },
      "optionalDependencies": {
        "@oxlint/darwin-arm64": "1.2.0",
        "@oxlint/darwin-x64": "1.2.0",
        "@oxlint/linux-arm64-gnu": "1.2.0",
        "@oxlint/linux-arm64-musl": "1.2.0",
        "@oxlint/linux-x64-gnu": "1.2.0",
        "@oxlint/linux-x64-musl": "1.2.0",
        "@oxlint/win32-arm64": "1.2.0",
        "@oxlint/win32-x64": "1.2.0"
      }
    }
  },
  "dependencies": {
    "@oxlint/darwin-arm64": {
      "version": "1.2.0",
      "resolved": "https://registry.npmjs.org/@oxlint/darwin-arm64/-/darwin-arm64-1.2.0.tgz",
      "integrity": "sha512-DsdZPp59sPPmuI6pR6MP1QepWWkpibFhVmRXa7ZOUobxxubUBg12SVCchAI1Iq8jejcAg9/XHXsRFpuny2LawQ==",
      "optional": true
    },
    "@oxlint/darwin-x64": {
      "version": "1.2.0",
      "resolved": "https://registry.npmjs.org/@oxlint/darwin-x64/-/darwin-x64-1.2.0.tgz",
      "integrity": "sha512-SN4lUlpGyFfGph+quUuGhEAyBMB87CgnFEK2bk3Lo96ehHcIhmzUH41nbsgi99k45+qEtD0ThIKAsbksOVn0uA==",
      "optional": true
    },
    "@oxlint/linux-arm64-gnu": {
      "version": "1.2.0",
      "resolved": "https://registry.npmjs.org/@oxlint/linux-arm64-gnu/-/linux-arm64-gnu-1.2.0.tgz",
      "integrity": "sha512-O03yN/Sas6/vyewiq8w9YN67yY8IofTpS28H2/f1a0Cb83Z7RbEzkWvsswq0erTHA0ctwJkzHfkRSRaBOmceBQ==",
      "optional": true
    },
    "@oxlint/linux-arm64-musl": {
      "version": "1.2.0",
      "resolved": "https://registry.npmjs.org/@oxlint/linux-arm64-musl/-/linux-arm64-musl-1.2.0.tgz",
      "integrity": "sha512-DO61+/vJkYRUEaVoajU2tLpVHBu3Fe8vhJ2mgxVNfOgQ7uIvHCB7wrnkHSPgABK9yROGenLWG9K6uHq3qiXj2g==",
      "optional": true
    },
    "@oxlint/linux-x64-gnu": {
      "version": "1.2.0",
      "resolved": "https://registry.npmjs.org/@oxlint/linux-x64-gnu/-/linux-x64-gnu-1.2.0.tgz",
      "integrity": "sha512-i2piovvEAKYsb23/NfiGug9Gqnf+5IoNgw7pDF/N7bPIFMJlzWACQHYi5dfIzFhG23FIdAnh+BHBDK9LKK5Jkw==",
      "optional": true
    },
    "@oxlint/linux-x64-musl": {
      "version": "1.2.0",
      "resolved": "https://registry.npmjs.org/@oxlint/linux-x64-musl/-/linux-x64-musl-1.2.0.tgz",
      "integrity": "sha512-r3AjtZ7BOArWoIjyjnT6Wj3jiv2anZbeL5jsj+sUMvd8m/t7sFb18ySRqS63d4yC6Ct3OZZVLFD4MADW658ghg==",
      "optional": true
    },
    "@oxlint/win32-arm64": {
      "version": "1.2.0",
      "resolved": "https://registry.npmjs.org/@oxlint/win32-arm64/-/win32-arm64-1.2.0.tgz",
      "integrity": "sha512-a0ZJE/QlJ1JdAc5FGytjwjBzq9oIbR7y9CwbVtrvwqOBaHzB7qssI93dGPZCRE4talL3dk18L6fthd6ijvLVxg==",
      "optional": true
    },
    "@oxlint/win32-x64": {
      "version": "1.2.0",
      "resolved": "https://registry.npmjs.org/@oxlint/win32-x64/-/win32-x64-1.2.0.tgz",
      "integrity": "sha512-OrWwyUCYGAnz5xDvVjCRFLp+XkQT56alXyx5kJDhDXKZzjajXwvFRFTvT3Hstu9I6bnCsqFjBcCbjQzmUBHOYw==",
      "optional": true
    },
    "oxlint": {
      "version": "1.2.0",
      "resolved": "https://registry.npmjs.org/oxlint/-/oxlint-1.2.0.tgz",
      "integrity": "sha512-zUtw37XW3fERrSJVVZfmHo35crJ7OS+Non9jk+kLtuhzEJYsbd1ORwGsnTVWy8oXEdNO/tXAUm+zVRoilEGelw==",
      "requires": {
        "@oxlint/darwin-arm64": "1.2.0",
        "@oxlint/darwin-x64": "1.2.0",
        "@oxlint/linux-arm64-gnu": "1.2.0",
        "@oxlint/linux-arm64-musl": "1.2.0",
        "@oxlint/linux-x64-gnu": "1.2.0",
        "@oxlint/linux-x64-musl": "1.2.0",
        "@oxlint/win32-arm64": "1.2.0",
        "@oxlint/win32-x64": "1.2.0"
      }
    }
  }
}
